// !$*UTF8*$!
{
	archiveVersion = 1;
	classes = {
	};
	objectVersion = 46;
	objects = {

/* Begin PBXBuildFile section */
		245FEFDD1B11C5240082C7B7 /* AppDelegate.swift in Sources */ = {isa = PBXBuildFile; fileRef = 245FEFDC1B11C5240082C7B7 /* AppDelegate.swift */; };
		245FEFDF1B11C5240082C7B7 /* ViewController.swift in Sources */ = {isa = PBXBuildFile; fileRef = 245FEFDE1B11C5240082C7B7 /* ViewController.swift */; };
		245FEFE21B11C5240082C7B7 /* Main.storyboard in Resources */ = {isa = PBXBuildFile; fileRef = 245FEFE01B11C5240082C7B7 /* Main.storyboard */; };
		245FEFE41B11C5240082C7B7 /* Images.xcassets in Resources */ = {isa = PBXBuildFile; fileRef = 245FEFE31B11C5240082C7B7 /* Images.xcassets */; };
		245FEFE71B11C5240082C7B7 /* LaunchScreen.xib in Resources */ = {isa = PBXBuildFile; fileRef = 245FEFE51B11C5240082C7B7 /* LaunchScreen.xib */; };
		245FEFF31B11C5240082C7B7 /* BLE_control_edisonTests.swift in Sources */ = {isa = PBXBuildFile; fileRef = 245FEFF21B11C5240082C7B7 /* BLE_control_edisonTests.swift */; };
/* End PBXBuildFile section */

/* Begin PBXContainerItemProxy section */
		245FEFED1B11C5240082C7B7 /* PBXContainerItemProxy */ = {
			isa = PBXContainerItemProxy;
			containerPortal = 245FEFCF1B11C5230082C7B7 /* Project object */;
			proxyType = 1;
			remoteGlobalIDString = 245FEFD61B11C5230082C7B7;
			remoteInfo = BLE_control_edison;
		};
/* End PBXContainerItemProxy section */

/* Begin PBXFileReference section */
		245FEFD71B11C5240082C7B7 /* BLE_control_edison.app */ = {isa = PBXFileReference; explicitFileType = wrapper.application; includeInIndex = 0; path = BLE_control_edison.app; sourceTree = BUILT_PRODUCTS_DIR; };
		245FEFDB1B11C5240082C7B7 /* Info.plist */ = {isa = PBXFileReference; lastKnownFileType = text.plist.xml; path = Info.plist; sourceTree = "<group>"; };
		245FEFDC1B11C5240082C7B7 /* AppDelegate.swift */ = {isa = PBXFileReference; lastKnownFileType = sourcecode.swift; path = AppDelegate.swift; sourceTree = "<group>"; };
		245FEFDE1B11C5240082C7B7 /* ViewController.swift */ = {isa = PBXFileReference; lastKnownFileType = sourcecode.swift; path = ViewController.swift; sourceTree = "<group>"; };
		245FEFE11B11C5240082C7B7 /* Base */ = {isa = PBXFileReference; lastKnownFileType = file.storyboard; name = Base; path = Base.lproj/Main.storyboard; sourceTree = "<group>"; };
		245FEFE31B11C5240082C7B7 /* Images.xcassets */ = {isa = PBXFileReference; lastKnownFileType = folder.assetcatalog; path = Images.xcassets; sourceTree = "<group>"; };
		245FEFE61B11C5240082C7B7 /* Base */ = {isa = PBXFileReference; lastKnownFileType = file.xib; name = Base; path = Base.lproj/LaunchScreen.xib; sourceTree = "<group>"; };
		245FEFEC1B11C5240082C7B7 /* BLE_control_edisonTests.xctest */ = {isa = PBXFileReference; explicitFileType = wrapper.cfbundle; includeInIndex = 0; path = BLE_control_edisonTests.xctest; sourceTree = BUILT_PRODUCTS_DIR; };
		245FEFF11B11C5240082C7B7 /* Info.plist */ = {isa = PBXFileReference; lastKnownFileType = text.plist.xml; path = Info.plist; sourceTree = "<group>"; };
		245FEFF21B11C5240082C7B7 /* BLE_control_edisonTests.swift */ = {isa = PBXFileReference; lastKnownFileType = sourcecode.swift; path = BLE_control_edisonTests.swift; sourceTree = "<group>"; };
/* End PBXFileReference section */

/* Begin PBXFrameworksBuildPhase section */
		245FEFD41B11C5230082C7B7 /* Frameworks */ = {
			isa = PBXFrameworksBuildPhase;
			buildActionMask = 2147483647;
			files = (
			);
			runOnlyForDeploymentPostprocessing = 0;
		};
		245FEFE91B11C5240082C7B7 /* Frameworks */ = {
			isa = PBXFrameworksBuildPhase;
			buildActionMask = 2147483647;
			files = (
			);
			runOnlyForDeploymentPostprocessing = 0;
		};
/* End PBXFrameworksBuildPhase section */

/* Begin PBXGroup section */
		245FEFCE1B11C5230082C7B7 = {
			isa = PBXGroup;
			children = (
				245FEFD91B11C5240082C7B7 /* BLE_control_edison */,
				245FEFEF1B11C5240082C7B7 /* BLE_control_edisonTests */,
				245FEFD81B11C5240082C7B7 /* Products */,
			);
			sourceTree = "<group>";
		};
		245FEFD81B11C5240082C7B7 /* Products */ = {
			isa = PBXGroup;
			children = (
				245FEFD71B11C5240082C7B7 /* BLE_control_edison.app */,
				245FEFEC1B11C5240082C7B7 /* BLE_control_edisonTests.xctest */,
			);
			name = Products;
			sourceTree = "<group>";
		};
		245FEFD91B11C5240082C7B7 /* BLE_control_edison */ = {
			isa = PBXGroup;
			children = (
				245FEFDC1B11C5240082C7B7 /* AppDelegate.swift */,
				245FEFDE1B11C5240082C7B7 /* ViewController.swift */,
				245FEFE01B11C5240082C7B7 /* Main.storyboard */,
				245FEFE31B11C5240082C7B7 /* Images.xcassets */,
				245FEFE51B11C5240082C7B7 /* LaunchScreen.xib */,
				245FEFDA1B11C5240082C7B7 /* Supporting Files */,
			);
			path = BLE_control_edison;
			sourceTree = "<group>";
		};
		245FEFDA1B11C5240082C7B7 /* Supporting Files */ = {
			isa = PBXGroup;
			children = (
				245FEFDB1B11C5240082C7B7 /* Info.plist */,
			);
			name = "Supporting Files";
			sourceTree = "<group>";
		};
		245FEFEF1B11C5240082C7B7 /* BLE_control_edisonTests */ = {
			isa = PBXGroup;
			children = (
				245FEFF21B11C5240082C7B7 /* BLE_control_edisonTests.swift */,
				245FEFF01B11C5240082C7B7 /* Supporting Files */,
			);
			path = BLE_control_edisonTests;
			sourceTree = "<group>";
		};
		245FEFF01B11C5240082C7B7 /* Supporting Files */ = {
			isa = PBXGroup;
			children = (
				245FEFF11B11C5240082C7B7 /* Info.plist */,
			);
			name = "Supporting Files";
			sourceTree = "<group>";
		};
/* End PBXGroup section */

/* Begin PBXNativeTarget section */
		245FEFD61B11C5230082C7B7 /* BLE_control_edison */ = {
			isa = PBXNativeTarget;
			buildConfigurationList = 245FEFF61B11C5240082C7B7 /* Build configuration list for PBXNativeTarget "BLE_control_edison" */;
			buildPhases = (
				245FEFD31B11C5230082C7B7 /* Sources */,
				245FEFD41B11C5230082C7B7 /* Frameworks */,
				245FEFD51B11C5230082C7B7 /* Resources */,
			);
			buildRules = (
			);
			dependencies = (
			);
			name = BLE_control_edison;
			productName = BLE_control_edison;
			productReference = 245FEFD71B11C5240082C7B7 /* BLE_control_edison.app */;
			productType = "com.apple.product-type.application";
		};
		245FEFEB1B11C5240082C7B7 /* BLE_control_edisonTests */ = {
			isa = PBXNativeTarget;
			buildConfigurationList = 245FEFF91B11C5240082C7B7 /* Build configuration list for PBXNativeTarget "BLE_control_edisonTests" */;
			buildPhases = (
				245FEFE81B11C5240082C7B7 /* Sources */,
				245FEFE91B11C5240082C7B7 /* Frameworks */,
				245FEFEA1B11C5240082C7B7 /* Resources */,
			);
			buildRules = (
			);
			dependencies = (
				245FEFEE1B11C5240082C7B7 /* PBXTargetDependency */,
			);
			name = BLE_control_edisonTests;
			productName = BLE_control_edisonTests;
			productReference = 245FEFEC1B11C5240082C7B7 /* BLE_control_edisonTests.xctest */;
			productType = "com.apple.product-type.bundle.unit-test";
		};
/* End PBXNativeTarget section */

/* Begin PBXProject section */
		245FEFCF1B11C5230082C7B7 /* Project object */ = {
			isa = PBXProject;
			attributes = {
				LastUpgradeCheck = 0610;
				ORGANIZATIONNAME = yap;
				TargetAttributes = {
					245FEFD61B11C5230082C7B7 = {
						CreatedOnToolsVersion = 6.1.1;
					};
					245FEFEB1B11C5240082C7B7 = {
						CreatedOnToolsVersion = 6.1.1;
						TestTargetID = 245FEFD61B11C5230082C7B7;
					};
				};
			};
			buildConfigurationList = 245FEFD21B11C5230082C7B7 /* Build configuration list for PBXProject "BLE_control_edison" */;
			compatibilityVersion = "Xcode 3.2";
			developmentRegion = English;
			hasScannedForEncodings = 0;
			knownRegions = (
				en,
				Base,
			);
			mainGroup = 245FEFCE1B11C5230082C7B7;
			productRefGroup = 245FEFD81B11C5240082C7B7 /* Products */;
			projectDirPath = "";
			projectRoot = "";
			targets = (
				245FEFD61B11C5230082C7B7 /* BLE_control_edison */,
				245FEFEB1B11C5240082C7B7 /* BLE_control_edisonTests */,
			);
		};
/* End PBXProject section */

/* Begin PBXResourcesBuildPhase section */
		245FEFD51B11C5230082C7B7 /* Resources */ = {
			isa = PBXResourcesBuildPhase;
			buildActionMask = 2147483647;
			files = (
				245FEFE21B11C5240082C7B7 /* Main.storyboard in Resources */,
				245FEFE71B11C5240082C7B7 /* LaunchScreen.xib in Resources */,
				245FEFE41B11C5240082C7B7 /* Images.xcassets in Resources */,
			);
			runOnlyForDeploymentPostprocessing = 0;
		};
		245FEFEA1B11C5240082C7B7 /* Resources */ = {
			isa = PBXResourcesBuildPhase;
			buildActionMask = 2147483647;
			files = (
			);
			runOnlyForDeploymentPostprocessing = 0;
		};
/* End PBXResourcesBuildPhase section */

/* Begin PBXSourcesBuildPhase section */
		245FEFD31B11C5230082C7B7 /* Sources */ = {
			isa = PBXSourcesBuildPhase;
			buildActionMask = 2147483647;
			files = (
				245FEFDF1B11C5240082C7B7 /* ViewController.swift in Sources */,
				245FEFDD1B11C5240082C7B7 /* AppDelegate.swift in Sources */,
			);
			runOnlyForDeploymentPostprocessing = 0;
		};
		245FEFE81B11C5240082C7B7 /* Sources */ = {
			isa = PBXSourcesBuildPhase;
			buildActionMask = 2147483647;
			files = (
				245FEFF31B11C5240082C7B7 /* BLE_control_edisonTests.swift in Sources */,
			);
			runOnlyForDeploymentPostprocessing = 0;
		};
/* End PBXSourcesBuildPhase section */

/* Begin PBXTargetDependency section */
		245FEFEE1B11C5240082C7B7 /* PBXTargetDependency */ = {
			isa = PBXTargetDependency;
			target = 245FEFD61B11C5230082C7B7 /* BLE_control_edison */;
			targetProxy = 245FEFED1B11C5240082C7B7 /* PBXContainerItemProxy */;
		};
/* End PBXTargetDependency section */

/* Begin PBXVariantGroup section */
		245FEFE01B11C5240082C7B7 /* Main.storyboard */ = {
			isa = PBXVariantGroup;
			children = (
				245FEFE11B11C5240082C7B7 /* Base */,
			);
			name = Main.storyboard;
			sourceTree = "<group>";
		};
		245FEFE51B11C5240082C7B7 /* LaunchScreen.xib */ = {
			isa = PBXVariantGroup;
			children = (
				245FEFE61B11C5240082C7B7 /* Base */,
			);
			name = LaunchScreen.xib;
			sourceTree = "<group>";
		};
/* End PBXVariantGroup section */

/* Begin XCBuildConfiguration section */
		245FEFF41B11C5240082C7B7 /* Debug */ = {
			isa = XCBuildConfiguration;
			buildSettings = {
				ALWAYS_SEARCH_USER_PATHS = NO;
				CLANG_CXX_LANGUAGE_STANDARD = "gnu++0x";
				CLANG_CXX_LIBRARY = "libc++";
				CLANG_ENABLE_MODULES = YES;
				CLANG_ENABLE_OBJC_ARC = YES;
				CLANG_WARN_BOOL_CONVERSION = YES;
				CLANG_WARN_CONSTANT_CONVERSION = YES;
				CLANG_WARN_DIRECT_OBJC_ISA_USAGE = YES_ERROR;
				CLANG_WARN_EMPTY_BODY = YES;
				CLANG_WARN_ENUM_CONVERSION = YES;
				CLANG_WARN_INT_CONVERSION = YES;
				CLANG_WARN_OBJC_ROOT_CLASS = YES_ERROR;
				CLANG_WARN_UNREACHABLE_CODE = YES;
				CLANG_WARN__DUPLICATE_METHOD_MATCH = YES;
				"CODE_SIGN_IDENTITY[sdk=iphoneos*]" = "iPhone Developer";
				COPY_PHASE_STRIP = NO;
				ENABLE_STRICT_OBJC_MSGSEND = YES;
				GCC_C_LANGUAGE_STANDARD = gnu99;
				GCC_DYNAMIC_NO_PIC = NO;
				GCC_OPTIMIZATION_LEVEL = 0;
				GCC_PREPROCESSOR_DEFINITIONS = (
					"DEBUG=1",
					"$(inherited)",
				);
				GCC_SYMBOLS_PRIVATE_EXTERN = NO;
				GCC_WARN_64_TO_32_BIT_CONVERSION = YES;
				GCC_WARN_ABOUT_RETURN_TYPE = YES_ERROR;
				GCC_WARN_UNDECLARED_SELECTOR = YES;
				GCC_WARN_UNINITIALIZED_AUTOS = YES_AGGRESSIVE;
				GCC_WARN_UNUSED_FUNCTION = YES;
				GCC_WARN_UNUSED_VARIABLE = YES;
				IPHONEOS_DEPLOYMENT_TARGET = 8.1;
				MTL_ENABLE_DEBUG_INFO = YES;
				ONLY_ACTIVE_ARCH = YES;
				SDKROOT = iphoneos;
				SWIFT_OPTIMIZATION_LEVEL = "-Onone";
			};
			name = Debug;
		};
		245FEFF51B11C5240082C7B7 /* Release */ = {
			isa = XCBuildConfiguration;
			buildSettings = {
				ALWAYS_SEARCH_USER_PATHS = NO;
				CLANG_CXX_LANGUAGE_STANDARD = "gnu++0x";
				CLANG_CXX_LIBRARY = "libc++";
				CLANG_ENABLE_MODULES = YES;
				CLANG_ENABLE_OBJC_ARC = YES;
				CLANG_WARN_BOOL_CONVERSION = YES;
				CLANG_WARN_CONSTANT_CONVERSION = YES;
				CLANG_WARN_DIRECT_OBJC_ISA_USAGE = YES_ERROR;
				CLANG_WARN_EMPTY_BODY = YES;
				CLANG_WARN_ENUM_CONVERSION = YES;
				CLANG_WARN_INT_CONVERSION = YES;
				CLANG_WARN_OBJC_ROOT_CLASS = YES_ERROR;
				CLANG_WARN_UNREACHABLE_CODE = YES;
				CLANG_WARN__DUPLICATE_METHOD_MATCH = YES;
				"CODE_SIGN_IDENTITY[sdk=iphoneos*]" = "iPhone Developer";
				COPY_PHASE_STRIP = YES;
				ENABLE_NS_ASSERTIONS = NO;
				ENABLE_STRICT_OBJC_MSGSEND = YES;
				GCC_C_LANGUAGE_STANDARD = gnu99;
				GCC_WARN_64_TO_32_BIT_CONVERSION = YES;
				GCC_WARN_ABOUT_RETURN_TYPE = YES_ERROR;
				GCC_WARN_UNDECLARED_SELECTOR = YES;
				GCC_WARN_UNINITIALIZED_AUTOS = YES_AGGRESSIVE;
				GCC_WARN_UNUSED_FUNCTION = YES;
				GCC_WARN_UNUSED_VARIABLE = YES;
				IPHONEOS_DEPLOYMENT_TARGET = 8.1;
				MTL_ENABLE_DEBUG_INFO = NO;
				SDKROOT = iphoneos;
				VALIDATE_PRODUCT = YES;
			};
			name = Release;
		};
		245FEFF71B11C5240082C7B7 /* Debug */ = {
			isa = XCBuildConfiguration;
			buildSettings = {
				ASSETCATALOG_COMPILER_APPICON_NAME = AppIcon;
				INFOPLIST_FILE = BLE_control_edison/Info.plist;
				LD_RUNPATH_SEARCH_PATHS = "$(inherited) @executable_path/Frameworks";
				PRODUCT_NAME = "$(TARGET_NAME)";
			};
			name = Debug;
		};
		245FEFF81B11C5240082C7B7 /* Release */ = {
			isa = XCBuildConfiguration;
			buildSettings = {
				ASSETCATALOG_COMPILER_APPICON_NAME = AppIcon;
				INFOPLIST_FILE = BLE_control_edison/Info.plist;
				LD_RUNPATH_SEARCH_PATHS = "$(inherited) @executable_path/Frameworks";
				PRODUCT_NAME = "$(TARGET_NAME)";
			};
			name = Release;
		};
		245FEFFA1B11C5240082C7B7 /* Debug */ = {
			isa = XCBuildConfiguration;
			buildSettings = {
				BUNDLE_LOADER = "$(TEST_HOST)";
				FRAMEWORK_SEARCH_PATHS = (
					"$(SDKROOT)/Developer/Library/Frameworks",
					"$(inherited)",
				);
				GCC_PREPROCESSOR_DEFINITIONS = (
					"DEBUG=1",
					"$(inherited)",
				);
				INFOPLIST_FILE = BLE_control_edisonTests/Info.plist;
				LD_RUNPATH_SEARCH_PATHS = "$(inherited) @executable_path/Frameworks @loader_path/Frameworks";
				PRODUCT_NAME = "$(TARGET_NAME)";
				TEST_HOST = "$(BUILT_PRODUCTS_DIR)/BLE_control_edison.app/BLE_control_edison";
			};
			name = Debug;
		};
		245FEFFB1B11C5240082C7B7 /* Release */ = {
			isa = XCBuildConfiguration;
			buildSettings = {
				BUNDLE_LOADER = "$(TEST_HOST)";
				FRAMEWORK_SEARCH_PATHS = (
					"$(SDKROOT)/Developer/Library/Frameworks",
					"$(inherited)",
				);
				INFOPLIST_FILE = BLE_control_edisonTests/Info.plist;
				LD_RUNPATH_SEARCH_PATHS = "$(inherited) @executable_path/Frameworks @loader_path/Frameworks";
				PRODUCT_NAME = "$(TARGET_NAME)";
				TEST_HOST = "$(BUILT_PRODUCTS_DIR)/BLE_control_edison.app/BLE_control_edison";
			};
			name = Release;
		};
/* End XCBuildConfiguration section */

/* Begin XCConfigurationList section */
		245FEFD21B11C5230082C7B7 /* Build configuration list for PBXProject "BLE_control_edison" */ = {
			isa = XCConfigurationList;
			buildConfigurations = (
				245FEFF41B11C5240082C7B7 /* Debug */,
				245FEFF51B11C5240082C7B7 /* Release */,
			);
			defaultConfigurationIsVisible = 0;
			defaultConfigurationName = Release;
		};
		245FEFF61B11C5240082C7B7 /* Build configuration list for PBXNativeTarget "BLE_control_edison" */ = {
			isa = XCConfigurationList;
			buildConfigurations = (
				245FEFF71B11C5240082C7B7 /* Debug */,
				245FEFF81B11C5240082C7B7 /* Release */,
			);
			defaultConfigurationIsVisible = 0;
		};
		245FEFF91B11C5240082C7B7 /* Build configuration list for PBXNativeTarget "BLE_control_edisonTests" */ = {
			isa = XCConfigurationList;
			buildConfigurations = (
				245FEFFA1B11C5240082C7B7 /* Debug */,
				245FEFFB1B11C5240082C7B7 /* Release */,
			);
			defaultConfigurationIsVisible = 0;
		};
/* End XCConfigurationList section */
	};
	rootObject = 245FEFCF1B11C5230082C7B7 /* Project object */;
}
